
Microsoft Visual Studio Solution File, Format Version 12.00
# Visual Studio Version 17
VisualStudioVersion = 17.14.36119.2 d17.14
MinimumVisualStudioVersion = 10.0.40219.1
Project("{FAE04EC0-301F-11D3-BF4B-00C04F79EFBC}") = "Pruebas APi", "Pruebas APi\Pruebas APi.csproj", "{CDFE1B4E-BB64-43C7-A0C3-3435CE94BF9C}"
EndProject
Project("{FAE04EC0-301F-11D3-BF4B-00C04F79EFBC}") = "APIS", "APIS\APIS.csproj", "{CFB3199A-59AA-40DB-80B3-626CB6D6E112}"
EndProject
Global
	GlobalSection(SolutionConfigurationPlatforms) = preSolution
		Debug|Any CPU = Debug|Any CPU
		Release|Any CPU = Release|Any CPU
	EndGlobalSection
	GlobalSection(ProjectConfigurationPlatforms) = postSolution
		{CDFE1B4E-BB64-43C7-A0C3-3435CE94BF9C}.Debug|Any CPU.ActiveCfg = Debug|Any CPU
		{CDFE1B4E-BB64-43C7-A0C3-3435CE94BF9C}.Debug|Any CPU.Build.0 = Debug|Any CPU
		{CDFE1B4E-BB64-43C7-A0C3-3435CE94BF9C}.Release|Any CPU.ActiveCfg = Release|Any CPU
		{CDFE1B4E-BB64-43C7-A0C3-3435CE94BF9C}.Release|Any CPU.Build.0 = Release|Any CPU
		{CFB3199A-59AA-40DB-80B3-626CB6D6E112}.Debug|Any CPU.ActiveCfg = Debug|Any CPU
		{CFB3199A-59AA-40DB-80B3-626CB6D6E112}.Debug|Any CPU.Build.0 = Debug|Any CPU
		{CFB3199A-59AA-40DB-80B3-626CB6D6E112}.Release|Any CPU.ActiveCfg = Release|Any CPU
		{CFB3199A-59AA-40DB-80B3-626CB6D6E112}.Release|Any CPU.Build.0 = Release|Any CPU
	EndGlobalSection
	GlobalSection(SolutionProperties) = preSolution
		HideSolutionNode = FALSE
	EndGlobalSection
	GlobalSection(ExtensibilityGlobals) = postSolution
		SolutionGuid = {D123197C-4E0D-438A-A6AE-9222CEAB8E2C}
	EndGlobalSection
EndGlobal
