
Microsoft Visual Studio Solution File, Format Version 12.00
# Visual Studio Version 17
VisualStudioVersion = 17.14.36119.2 d17.14
MinimumVisualStudioVersion = 10.0.40219.1
Project("{FAE04EC0-301F-11D3-BF4B-00C04F79EFBC}") = "Prueba-Entity-3", "Prueba-Entity-3\Prueba-Entity-3.csproj", "{DF19C62E-44FE-4F24-BC30-54E52BDE7867}"
EndProject
Global
	GlobalSection(SolutionConfigurationPlatforms) = preSolution
		Debug|Any CPU = Debug|Any CPU
		Release|Any CPU = Release|Any CPU
	EndGlobalSection
	GlobalSection(ProjectConfigurationPlatforms) = postSolution
		{DF19C62E-44FE-4F24-BC30-54E52BDE7867}.Debug|Any CPU.ActiveCfg = Debug|Any CPU
		{DF19C62E-44FE-4F24-BC30-54E52BDE7867}.Debug|Any CPU.Build.0 = Debug|Any CPU
		{DF19C62E-44FE-4F24-BC30-54E52BDE7867}.Release|Any CPU.ActiveCfg = Release|Any CPU
		{DF19C62E-44FE-4F24-BC30-54E52BDE7867}.Release|Any CPU.Build.0 = Release|Any CPU
	EndGlobalSection
	GlobalSection(SolutionProperties) = preSolution
		HideSolutionNode = FALSE
	EndGlobalSection
	GlobalSection(ExtensibilityGlobals) = postSolution
		SolutionGuid = {CF00BC1B-D4A9-4431-980D-AEF51479C710}
	EndGlobalSection
EndGlobal
