
Microsoft Visual Studio Solution File, Format Version 12.00
# Visual Studio Version 17
VisualStudioVersion = 17.14.36119.2 d17.14
MinimumVisualStudioVersion = 10.0.40219.1
Project("{FAE04EC0-301F-11D3-BF4B-00C04F79EFBC}") = "Test1", "Test1\Test1.csproj", "{DBFD42C0-7310-4C73-9BFC-45D382F0109A}"
EndProject
Global
	GlobalSection(SolutionConfigurationPlatforms) = preSolution
		Debug|Any CPU = Debug|Any CPU
		Release|Any CPU = Release|Any CPU
	EndGlobalSection
	GlobalSection(ProjectConfigurationPlatforms) = postSolution
		{DBFD42C0-7310-4C73-9BFC-45D382F0109A}.Debug|Any CPU.ActiveCfg = Debug|Any CPU
		{DBFD42C0-7310-4C73-9BFC-45D382F0109A}.Debug|Any CPU.Build.0 = Debug|Any CPU
		{DBFD42C0-7310-4C73-9BFC-45D382F0109A}.Release|Any CPU.ActiveCfg = Release|Any CPU
		{DBFD42C0-7310-4C73-9BFC-45D382F0109A}.Release|Any CPU.Build.0 = Release|Any CPU
	EndGlobalSection
	GlobalSection(SolutionProperties) = preSolution
		HideSolutionNode = FALSE
	EndGlobalSection
	GlobalSection(ExtensibilityGlobals) = postSolution
		SolutionGuid = {A3635FB3-7274-467A-9015-2436030E45D3}
	EndGlobalSection
EndGlobal
