
Microsoft Visual Studio Solution File, Format Version 12.00
# Visual Studio Version 17
VisualStudioVersion = 17.14.36119.2 d17.14
MinimumVisualStudioVersion = 10.0.40219.1
Project("{FAE04EC0-301F-11D3-BF4B-00C04F79EFBC}") = "API7", "API7\API7.csproj", "{9160BC94-8C24-4FE3-9EB3-8068FD709CEF}"
EndProject
Project("{FAE04EC0-301F-11D3-BF4B-00C04F79EFBC}") = "DTO", "DTO\DTO.csproj", "{7A541903-969F-442E-898B-F021E1981706}"
EndProject
Project("{FAE04EC0-301F-11D3-BF4B-00C04F79EFBC}") = "SESSION5", "SESSION5\SESSION5.csproj", "{1A801701-DC97-4EF4-B3D3-DA6915A9BE0E}"
EndProject
Global
	GlobalSection(SolutionConfigurationPlatforms) = preSolution
		Debug|Any CPU = Debug|Any CPU
		Release|Any CPU = Release|Any CPU
	EndGlobalSection
	GlobalSection(ProjectConfigurationPlatforms) = postSolution
		{9160BC94-8C24-4FE3-9EB3-8068FD709CEF}.Debug|Any CPU.ActiveCfg = Debug|Any CPU
		{9160BC94-8C24-4FE3-9EB3-8068FD709CEF}.Debug|Any CPU.Build.0 = Debug|Any CPU
		{9160BC94-8C24-4FE3-9EB3-8068FD709CEF}.Release|Any CPU.ActiveCfg = Release|Any CPU
		{9160BC94-8C24-4FE3-9EB3-8068FD709CEF}.Release|Any CPU.Build.0 = Release|Any CPU
		{7A541903-969F-442E-898B-F021E1981706}.Debug|Any CPU.ActiveCfg = Debug|Any CPU
		{7A541903-969F-442E-898B-F021E1981706}.Debug|Any CPU.Build.0 = Debug|Any CPU
		{7A541903-969F-442E-898B-F021E1981706}.Release|Any CPU.ActiveCfg = Release|Any CPU
		{7A541903-969F-442E-898B-F021E1981706}.Release|Any CPU.Build.0 = Release|Any CPU
		{1A801701-DC97-4EF4-B3D3-DA6915A9BE0E}.Debug|Any CPU.ActiveCfg = Debug|Any CPU
		{1A801701-DC97-4EF4-B3D3-DA6915A9BE0E}.Debug|Any CPU.Build.0 = Debug|Any CPU
		{1A801701-DC97-4EF4-B3D3-DA6915A9BE0E}.Release|Any CPU.ActiveCfg = Release|Any CPU
		{1A801701-DC97-4EF4-B3D3-DA6915A9BE0E}.Release|Any CPU.Build.0 = Release|Any CPU
	EndGlobalSection
	GlobalSection(SolutionProperties) = preSolution
		HideSolutionNode = FALSE
	EndGlobalSection
	GlobalSection(ExtensibilityGlobals) = postSolution
		SolutionGuid = {3835F776-F1EE-41E0-A708-618281CF81F3}
	EndGlobalSection
EndGlobal
