
Microsoft Visual Studio Solution File, Format Version 12.00
# Visual Studio Version 17
VisualStudioVersion = 17.14.36119.2
MinimumVisualStudioVersion = 10.0.40219.1
Project("{FAE04EC0-301F-11D3-BF4B-00C04F79EFBC}") = "API4", "API4\API4.csproj", "{D3621A6F-A686-4E01-ABF7-EDE9D4683AAA}"
EndProject
Project("{FAE04EC0-301F-11D3-BF4B-00C04F79EFBC}") = "DTOS", "DTOS\DTOS.csproj", "{0A941B95-BD1D-4D35-BC85-0C4863DA7D03}"
EndProject
Project("{FAE04EC0-301F-11D3-BF4B-00C04F79EFBC}") = "SESION", "SESION\SESION.csproj", "{27E48CDA-D272-4115-B874-535145D03BC9}"
EndProject
Global
	GlobalSection(SolutionConfigurationPlatforms) = preSolution
		Debug|Any CPU = Debug|Any CPU
		Release|Any CPU = Release|Any CPU
	EndGlobalSection
	GlobalSection(ProjectConfigurationPlatforms) = postSolution
		{D3621A6F-A686-4E01-ABF7-EDE9D4683AAA}.Debug|Any CPU.ActiveCfg = Debug|Any CPU
		{D3621A6F-A686-4E01-ABF7-EDE9D4683AAA}.Debug|Any CPU.Build.0 = Debug|Any CPU
		{D3621A6F-A686-4E01-ABF7-EDE9D4683AAA}.Release|Any CPU.ActiveCfg = Release|Any CPU
		{D3621A6F-A686-4E01-ABF7-EDE9D4683AAA}.Release|Any CPU.Build.0 = Release|Any CPU
		{0A941B95-BD1D-4D35-BC85-0C4863DA7D03}.Debug|Any CPU.ActiveCfg = Debug|Any CPU
		{0A941B95-BD1D-4D35-BC85-0C4863DA7D03}.Debug|Any CPU.Build.0 = Debug|Any CPU
		{0A941B95-BD1D-4D35-BC85-0C4863DA7D03}.Release|Any CPU.ActiveCfg = Release|Any CPU
		{0A941B95-BD1D-4D35-BC85-0C4863DA7D03}.Release|Any CPU.Build.0 = Release|Any CPU
		{27E48CDA-D272-4115-B874-535145D03BC9}.Debug|Any CPU.ActiveCfg = Debug|Any CPU
		{27E48CDA-D272-4115-B874-535145D03BC9}.Debug|Any CPU.Build.0 = Debug|Any CPU
		{27E48CDA-D272-4115-B874-535145D03BC9}.Release|Any CPU.ActiveCfg = Release|Any CPU
		{27E48CDA-D272-4115-B874-535145D03BC9}.Release|Any CPU.Build.0 = Release|Any CPU
	EndGlobalSection
	GlobalSection(SolutionProperties) = preSolution
		HideSolutionNode = FALSE
	EndGlobalSection
	GlobalSection(ExtensibilityGlobals) = postSolution
		SolutionGuid = {1D0CC5B4-DE9D-4F7B-B06C-61B2F3EB2661}
	EndGlobalSection
EndGlobal
